
Microsoft Visual Studio Solution File, Format Version 12.00
# Visual Studio Version 17
VisualStudioVersion = 17.1.32421.90
MinimumVisualStudioVersion = 10.0.40219.1
Project("{F184B08F-C81C-45F6-A57F-5ABD9991F28F}") = "VBA_Test", "VBA_Test.vbproj", "{6AA751CA-C8D9-4D2D-9C3A-4548437C259F}"
EndProject
Global
	GlobalSection(SolutionConfigurationPlatforms) = preSolution
		Debug|Any CPU = Debug|Any CPU
		Release|Any CPU = Release|Any CPU
	EndGlobalSection
	GlobalSection(ProjectConfigurationPlatforms) = postSolution
		{6AA751CA-C8D9-4D2D-9C3A-4548437C259F}.Debug|Any CPU.ActiveCfg = Debug|Any CPU
		{6AA751CA-C8D9-4D2D-9C3A-4548437C259F}.Debug|Any CPU.Build.0 = Debug|Any CPU
		{6AA751CA-C8D9-4D2D-9C3A-4548437C259F}.Release|Any CPU.ActiveCfg = Release|Any CPU
		{6AA751CA-C8D9-4D2D-9C3A-4548437C259F}.Release|Any CPU.Build.0 = Release|Any CPU
	EndGlobalSection
	GlobalSection(SolutionProperties) = preSolution
		HideSolutionNode = FALSE
	EndGlobalSection
	GlobalSection(ExtensibilityGlobals) = postSolution
		SolutionGuid = {25E68804-94BF-41C9-A95C-17EA381660F5}
	EndGlobalSection
EndGlobal
